// !$*UTF8*$!
{
	archiveVersion = 1;
	classes = {
	};
	objectVersion = 56;
	objects = {

/* Begin PBXFileReference section */
		D9877B36291165230068A77B /* Kyu 8.playground */ = {isa = PBXFileReference; lastKnownFileType = file.playground; path = "Kyu 8.playground"; sourceTree = "<group>"; xcLanguageSpecificationIdentifier = xcode.lang.swift; };
/* End PBXFileReference section */

/* Begin PBXGroup section */
		D9877B2F291165050068A77B = {
			isa = PBXGroup;
			children = (
				D9877B36291165230068A77B /* Kyu 8.playground */,
			);
			sourceTree = "<group>";
		};
/* End PBXGroup section */

/* Begin PBXProject section */
		D9877B30291165050068A77B /* Project object */ = {
			isa = PBXProject;
			attributes = {
				BuildIndependentTargetsInParallel = 1;
				LastUpgradeCheck = 1400;
			};
			buildConfigurationList = D9877B33291165050068A77B /* Build configuration list for PBXProject "codewarsPractice" */;
			compatibilityVersion = "Xcode 14.0";
			developmentRegion = en;
			hasScannedForEncodings = 0;
			knownRegions = (
				en,
				Base,
			);
			mainGroup = D9877B2F291165050068A77B;
			projectDirPath = "";
			projectRoot = "";
			targets = (
			);
		};
/* End PBXProject section */

/* Begin XCBuildConfiguration section */
		D9877B34291165050068A77B /* Debug */ = {
			isa = XCBuildConfiguration;
			buildSettings = {
			};
			name = Debug;
		};
		D9877B35291165050068A77B /* Release */ = {
			isa = XCBuildConfiguration;
			buildSettings = {
			};
			name = Release;
		};
/* End XCBuildConfiguration section */

/* Begin XCConfigurationList section */
		D9877B33291165050068A77B /* Build configuration list for PBXProject "codewarsPractice" */ = {
			isa = XCConfigurationList;
			buildConfigurations = (
				D9877B34291165050068A77B /* Debug */,
				D9877B35291165050068A77B /* Release */,
			);
			defaultConfigurationIsVisible = 0;
			defaultConfigurationName = Release;
		};
/* End XCConfigurationList section */
	};
	rootObject = D9877B30291165050068A77B /* Project object */;
}
